github.com/Mixaster995/test-actions v0.0.0-20210730071747-94ae71f45461 h1:r2GrOSLfxccp0w2UAVmw3XCF69+L9PjQl7Wzkjxd3Uo=
github.com/Mixaster995/test-actions v0.0.0-20210730071747-94ae71f45461/go.mod h1:oEJFEJuf86fxm+L3Fb2fExUNBTZfCimHyX0hUICMEUo=
github.com/Mixaster995/test-actions-2 v0.0.0-20210810055824-76fa7b82d278 h1:CkqIX33vvWoJW+Yzcs5Ack8ygzo4Bq4EpS6vcXFRsdU=
github.com/Mixaster995/test-actions-2 v0.0.0-20210810055824-76fa7b82d278/go.mod h1:dOMp+W0pwiB//aqv8BXrXBAyPMb+VgJU8eelBkTB8oc=
github.com/Mixaster995/test-actions-3 v0.0.0-20210810055936-3c47bbf3a09e h1:G7KB2lizJcKg2Vg3A81NAi8/Cb0aCYJryLbYOCWaX4E=
github.com/Mixaster995/test-actions-3 v0.0.0-20210810055936-3c47bbf3a09e/go.mod h1:2Ga9glqmlTx53vxLYDe5Bpt3uAnSUdmaJH1Eh/m3ADE=
gopkg.in/check.v1 v0.0.0-20161208181325-20d25e280405 h1:yhCVgyC4o1eVCa2tZl7eS0r+SDo693bJlVdllGtEeKM=
gopkg.in/check.v1 v0.0.0-20161208181325-20d25e280405/go.mod h1:Co6ibVJAznAaIkqp8huTwlJQCZ016jof/cbN4VW5Yz0=
gopkg.in/yaml.v2 v2.4.0 h1:D8xgwECY7CYvx+Y2n4sBz93Jn9JRvxdiyyo8CTfuKaY=
gopkg.in/yaml.v2 v2.4.0/go.mod h1:RDklbk79AGWmwhnvt/jBztapEOGDOx6ZbXqjP6csGnQ=
